
Microsoft Visual Studio Solution File, Format Version 12.00
# Visual Studio 2013
VisualStudioVersion = 12.0.21005.1
MinimumVisualStudioVersion = 10.0.40219.1
Project("{8BC9CEB8-8B4A-11D0-8D11-00A0C91BC942}") = "workfive", "workfive\workfive.vcxproj", "{32BDCF45-A0A3-4BCA-A90D-3DF6AAD8D10B}"
EndProject
Project("{8BC9CEB8-8B4A-11D0-8D11-00A0C91BC942}") = "猜拳", "猜数字.c\猜数字.c.vcxproj", "{A87D8909-BCB1-402B-8EFE-35E513A6186C}"
EndProject
Project("{8BC9CEB8-8B4A-11D0-8D11-00A0C91BC942}") = "猜数", "猜数\猜数.vcxproj", "{6C4C316B-8BE5-4177-895A-04F6C1C3FFFC}"
EndProject
Global
	GlobalSection(SolutionConfigurationPlatforms) = preSolution
		Debug|Win32 = Debug|Win32
		Release|Win32 = Release|Win32
	EndGlobalSection
	GlobalSection(ProjectConfigurationPlatforms) = postSolution
		{32BDCF45-A0A3-4BCA-A90D-3DF6AAD8D10B}.Debug|Win32.ActiveCfg = Debug|Win32
		{32BDCF45-A0A3-4BCA-A90D-3DF6AAD8D10B}.Debug|Win32.Build.0 = Debug|Win32
		{32BDCF45-A0A3-4BCA-A90D-3DF6AAD8D10B}.Release|Win32.ActiveCfg = Release|Win32
		{32BDCF45-A0A3-4BCA-A90D-3DF6AAD8D10B}.Release|Win32.Build.0 = Release|Win32
		{A87D8909-BCB1-402B-8EFE-35E513A6186C}.Debug|Win32.ActiveCfg = Debug|Win32
		{A87D8909-BCB1-402B-8EFE-35E513A6186C}.Debug|Win32.Build.0 = Debug|Win32
		{A87D8909-BCB1-402B-8EFE-35E513A6186C}.Release|Win32.ActiveCfg = Release|Win32
		{A87D8909-BCB1-402B-8EFE-35E513A6186C}.Release|Win32.Build.0 = Release|Win32
		{6C4C316B-8BE5-4177-895A-04F6C1C3FFFC}.Debug|Win32.ActiveCfg = Debug|Win32
		{6C4C316B-8BE5-4177-895A-04F6C1C3FFFC}.Debug|Win32.Build.0 = Debug|Win32
		{6C4C316B-8BE5-4177-895A-04F6C1C3FFFC}.Release|Win32.ActiveCfg = Release|Win32
		{6C4C316B-8BE5-4177-895A-04F6C1C3FFFC}.Release|Win32.Build.0 = Release|Win32
	EndGlobalSection
	GlobalSection(SolutionProperties) = preSolution
		HideSolutionNode = FALSE
	EndGlobalSection
EndGlobal
